
Microsoft Visual Studio Solution File, Format Version 12.00
# Visual Studio Version 17
VisualStudioVersion = 17.0.31903.59
MinimumVisualStudioVersion = 10.0.40219.1
Project("{2150E333-8FDC-42A3-9474-1A3956D46DE8}") = "src", "src", "{99622373-3B99-4851-BD9A-F8BDA375D45B}"
EndProject
Project("{2150E333-8FDC-42A3-9474-1A3956D46DE8}") = "test", "test", "{43D4D51B-9B8C-4A9C-B89D-171E7F1B6820}"
EndProject
Project("{FAE04EC0-301F-11D3-BF4B-00C04F79EFBC}") = "Chirp.Razor", "src\Chirp.Razor\Chirp.Razor.csproj", "{E3D43EAC-E424-40A4-AAD3-69DAF76B7174}"
EndProject
Project("{FAE04EC0-301F-11D3-BF4B-00C04F79EFBC}") = "Chirp.Razor.Tests", "test\Chirp.Razor.Tests\Chirp.Razor.Tests.csproj", "{B89E1CB7-E78A-4A27-B557-11F73D4A7D4A}"
EndProject
Global
	GlobalSection(SolutionConfigurationPlatforms) = preSolution
		Debug|Any CPU = Debug|Any CPU
		Release|Any CPU = Release|Any CPU
	EndGlobalSection
	GlobalSection(SolutionProperties) = preSolution
		HideSolutionNode = FALSE
	EndGlobalSection
	GlobalSection(ProjectConfigurationPlatforms) = postSolution
		{4B12727B-CD93-4CF6-9935-E3F48FB29F02}.Debug|Any CPU.ActiveCfg = Debug|Any CPU
		{4B12727B-CD93-4CF6-9935-E3F48FB29F02}.Debug|Any CPU.Build.0 = Debug|Any CPU
		{4B12727B-CD93-4CF6-9935-E3F48FB29F02}.Release|Any CPU.ActiveCfg = Release|Any CPU
		{4B12727B-CD93-4CF6-9935-E3F48FB29F02}.Release|Any CPU.Build.0 = Release|Any CPU
		{791AA619-BFB5-4B24-B2DB-34BA0798E3AD}.Debug|Any CPU.ActiveCfg = Debug|Any CPU
		{791AA619-BFB5-4B24-B2DB-34BA0798E3AD}.Debug|Any CPU.Build.0 = Debug|Any CPU
		{791AA619-BFB5-4B24-B2DB-34BA0798E3AD}.Release|Any CPU.ActiveCfg = Release|Any CPU
		{791AA619-BFB5-4B24-B2DB-34BA0798E3AD}.Release|Any CPU.Build.0 = Release|Any CPU
		{4B694E03-CECC-4393-A446-6BC5A5DE6C34}.Debug|Any CPU.ActiveCfg = Debug|Any CPU
		{4B694E03-CECC-4393-A446-6BC5A5DE6C34}.Debug|Any CPU.Build.0 = Debug|Any CPU
		{4B694E03-CECC-4393-A446-6BC5A5DE6C34}.Release|Any CPU.ActiveCfg = Release|Any CPU
		{4B694E03-CECC-4393-A446-6BC5A5DE6C34}.Release|Any CPU.Build.0 = Release|Any CPU
		{6FD8EB13-4FA5-4724-B125-671798875FE7}.Debug|Any CPU.ActiveCfg = Debug|Any CPU
		{6FD8EB13-4FA5-4724-B125-671798875FE7}.Debug|Any CPU.Build.0 = Debug|Any CPU
		{6FD8EB13-4FA5-4724-B125-671798875FE7}.Release|Any CPU.ActiveCfg = Release|Any CPU
		{6FD8EB13-4FA5-4724-B125-671798875FE7}.Release|Any CPU.Build.0 = Release|Any CPU
		{E3D43EAC-E424-40A4-AAD3-69DAF76B7174}.Debug|Any CPU.ActiveCfg = Debug|Any CPU
		{E3D43EAC-E424-40A4-AAD3-69DAF76B7174}.Debug|Any CPU.Build.0 = Debug|Any CPU
		{E3D43EAC-E424-40A4-AAD3-69DAF76B7174}.Release|Any CPU.ActiveCfg = Release|Any CPU
		{E3D43EAC-E424-40A4-AAD3-69DAF76B7174}.Release|Any CPU.Build.0 = Release|Any CPU
		{B89E1CB7-E78A-4A27-B557-11F73D4A7D4A}.Debug|Any CPU.ActiveCfg = Debug|Any CPU
		{B89E1CB7-E78A-4A27-B557-11F73D4A7D4A}.Debug|Any CPU.Build.0 = Debug|Any CPU
		{B89E1CB7-E78A-4A27-B557-11F73D4A7D4A}.Release|Any CPU.ActiveCfg = Release|Any CPU
		{B89E1CB7-E78A-4A27-B557-11F73D4A7D4A}.Release|Any CPU.Build.0 = Release|Any CPU
	EndGlobalSection
	GlobalSection(NestedProjects) = preSolution
		{4B12727B-CD93-4CF6-9935-E3F48FB29F02} = {99622373-3B99-4851-BD9A-F8BDA375D45B}
		{791AA619-BFB5-4B24-B2DB-34BA0798E3AD} = {43D4D51B-9B8C-4A9C-B89D-171E7F1B6820}
		{4B694E03-CECC-4393-A446-6BC5A5DE6C34} = {43D4D51B-9B8C-4A9C-B89D-171E7F1B6820}
		{6FD8EB13-4FA5-4724-B125-671798875FE7} = {99622373-3B99-4851-BD9A-F8BDA375D45B}
		{E3D43EAC-E424-40A4-AAD3-69DAF76B7174} = {99622373-3B99-4851-BD9A-F8BDA375D45B}
		{B89E1CB7-E78A-4A27-B557-11F73D4A7D4A} = {43D4D51B-9B8C-4A9C-B89D-171E7F1B6820}
	EndGlobalSection
EndGlobal
