
Microsoft Visual Studio Solution File, Format Version 12.00
# Visual Studio Version 17
VisualStudioVersion = 17.0.31903.59
MinimumVisualStudioVersion = 10.0.40219.1
Project("{2150E333-8FDC-42A3-9474-1A3956D46DE8}") = "src", "src", "{0ABA21A1-B0EB-4925-8C83-BBF053226B5C}"
EndProject
Project("{FAE04EC0-301F-11D3-BF4B-00C04F79EFBC}") = "Chirp.Core", "src\Chirp.Core\Chirp.Core.csproj", "{527EDB2E-44EE-4B55-BC87-BA95BE8E494F}"
EndProject
Project("{FAE04EC0-301F-11D3-BF4B-00C04F79EFBC}") = "Chirp.Infrastructure", "src\Chirp.Infrastructure\Chirp.Infrastructure.csproj", "{33B5F25A-CC75-4AE3-92C8-FD8F0FD895AD}"
EndProject
Project("{FAE04EC0-301F-11D3-BF4B-00C04F79EFBC}") = "Chirp.Web", "src\Chirp.Web\Chirp.Web.csproj", "{565FAF7B-ED6D-43B9-91E8-7D5097D20A40}"
EndProject
Project("{2150E333-8FDC-42A3-9474-1A3956D46DE8}") = "test", "test", "{6AA2A4D6-C25E-45F0-8AC4-79879E240FCB}"
EndProject
Project("{FAE04EC0-301F-11D3-BF4B-00C04F79EFBC}") = "Chirp.Tests", "test\Chirp.Tests\Chirp.Tests.csproj", "{A80477AC-CF45-4E75-AB90-3981D40B5D6F}"
EndProject
Global
	GlobalSection(SolutionConfigurationPlatforms) = preSolution
		Debug|Any CPU = Debug|Any CPU
		Release|Any CPU = Release|Any CPU
	EndGlobalSection
	GlobalSection(SolutionProperties) = preSolution
		HideSolutionNode = FALSE
	EndGlobalSection
	GlobalSection(ProjectConfigurationPlatforms) = postSolution
		{527EDB2E-44EE-4B55-BC87-BA95BE8E494F}.Debug|Any CPU.ActiveCfg = Debug|Any CPU
		{527EDB2E-44EE-4B55-BC87-BA95BE8E494F}.Debug|Any CPU.Build.0 = Debug|Any CPU
		{527EDB2E-44EE-4B55-BC87-BA95BE8E494F}.Release|Any CPU.ActiveCfg = Release|Any CPU
		{527EDB2E-44EE-4B55-BC87-BA95BE8E494F}.Release|Any CPU.Build.0 = Release|Any CPU
		{33B5F25A-CC75-4AE3-92C8-FD8F0FD895AD}.Debug|Any CPU.ActiveCfg = Debug|Any CPU
		{33B5F25A-CC75-4AE3-92C8-FD8F0FD895AD}.Debug|Any CPU.Build.0 = Debug|Any CPU
		{33B5F25A-CC75-4AE3-92C8-FD8F0FD895AD}.Release|Any CPU.ActiveCfg = Release|Any CPU
		{33B5F25A-CC75-4AE3-92C8-FD8F0FD895AD}.Release|Any CPU.Build.0 = Release|Any CPU
		{565FAF7B-ED6D-43B9-91E8-7D5097D20A40}.Debug|Any CPU.ActiveCfg = Debug|Any CPU
		{565FAF7B-ED6D-43B9-91E8-7D5097D20A40}.Debug|Any CPU.Build.0 = Debug|Any CPU
		{565FAF7B-ED6D-43B9-91E8-7D5097D20A40}.Release|Any CPU.ActiveCfg = Release|Any CPU
		{565FAF7B-ED6D-43B9-91E8-7D5097D20A40}.Release|Any CPU.Build.0 = Release|Any CPU
		{A80477AC-CF45-4E75-AB90-3981D40B5D6F}.Debug|Any CPU.ActiveCfg = Debug|Any CPU
		{A80477AC-CF45-4E75-AB90-3981D40B5D6F}.Debug|Any CPU.Build.0 = Debug|Any CPU
		{A80477AC-CF45-4E75-AB90-3981D40B5D6F}.Release|Any CPU.ActiveCfg = Release|Any CPU
		{A80477AC-CF45-4E75-AB90-3981D40B5D6F}.Release|Any CPU.Build.0 = Release|Any CPU
	EndGlobalSection
	GlobalSection(NestedProjects) = preSolution
		{527EDB2E-44EE-4B55-BC87-BA95BE8E494F} = {0ABA21A1-B0EB-4925-8C83-BBF053226B5C}
		{33B5F25A-CC75-4AE3-92C8-FD8F0FD895AD} = {0ABA21A1-B0EB-4925-8C83-BBF053226B5C}
		{565FAF7B-ED6D-43B9-91E8-7D5097D20A40} = {0ABA21A1-B0EB-4925-8C83-BBF053226B5C}
		{A80477AC-CF45-4E75-AB90-3981D40B5D6F} = {6AA2A4D6-C25E-45F0-8AC4-79879E240FCB}
	EndGlobalSection
EndGlobal
